# This file is automatically @generated by Cargo.
# It is not intended for manual editing.
version = 3

[[package]]
name = "glob"
version = "0.3.1"
source = "registry+https://github.com/rust-lang/crates.io-index"
checksum = "d2fabcfbdc87f4758337ca535fb41a6d701b65693ce38287d856d1674551ec9b"

[[package]]
name = "lexopt"
version = "0.3.0"
source = "registry+https://github.com/rust-lang/crates.io-index"
checksum = "baff4b617f7df3d896f97fe922b64817f6cd9a756bb81d40f8883f2f66dcb401"

[[package]]
name = "lned"
version = "0.1.0"
dependencies = [
 "lexopt",
 "wild",
]

[[package]]
name = "wild"
version = "2.1.0"
source = "registry+https://github.com/rust-lang/crates.io-index"
checksum = "05b116685a6be0c52f5a103334cbff26db643826c7b3735fc0a3ba9871310a74"
dependencies = [
 "glob",
]
